
Microsoft Visual Studio Solution File, Format Version 12.00
# Visual Studio Version 16
VisualStudioVersion = 16.0.30204.135
MinimumVisualStudioVersion = 10.0.40219.1
Project("{FAE04EC0-301F-11D3-BF4B-00C04F79EFBC}") = "Ziekenhuis_StayHealthy", "Ziekenhuis_StayHealthy\Ziekenhuis_StayHealthy.csproj", "{CAA6FE30-5EED-487F-876F-5BF1F34078A7}"
EndProject
Project("{FAE04EC0-301F-11D3-BF4B-00C04F79EFBC}") = "Ziekenhuis_StayHealthy.Tests", "Ziekenhuis_StayHealthy.Tests\Ziekenhuis_StayHealthy.Tests.csproj", "{3D269775-0808-4B63-BBD3-4F872953AC81}"
EndProject
Global
	GlobalSection(SolutionConfigurationPlatforms) = preSolution
		Debug|Any CPU = Debug|Any CPU
		Release|Any CPU = Release|Any CPU
	EndGlobalSection
	GlobalSection(ProjectConfigurationPlatforms) = postSolution
		{CAA6FE30-5EED-487F-876F-5BF1F34078A7}.Debug|Any CPU.ActiveCfg = Debug|Any CPU
		{CAA6FE30-5EED-487F-876F-5BF1F34078A7}.Debug|Any CPU.Build.0 = Debug|Any CPU
		{CAA6FE30-5EED-487F-876F-5BF1F34078A7}.Release|Any CPU.ActiveCfg = Release|Any CPU
		{CAA6FE30-5EED-487F-876F-5BF1F34078A7}.Release|Any CPU.Build.0 = Release|Any CPU
		{3D269775-0808-4B63-BBD3-4F872953AC81}.Debug|Any CPU.ActiveCfg = Debug|Any CPU
		{3D269775-0808-4B63-BBD3-4F872953AC81}.Debug|Any CPU.Build.0 = Debug|Any CPU
		{3D269775-0808-4B63-BBD3-4F872953AC81}.Release|Any CPU.ActiveCfg = Release|Any CPU
		{3D269775-0808-4B63-BBD3-4F872953AC81}.Release|Any CPU.Build.0 = Release|Any CPU
	EndGlobalSection
	GlobalSection(SolutionProperties) = preSolution
		HideSolutionNode = FALSE
	EndGlobalSection
	GlobalSection(ExtensibilityGlobals) = postSolution
		SolutionGuid = {F9A05341-E4B9-4EDE-BC7D-0A683DA7994B}
	EndGlobalSection
EndGlobal
